
Microsoft Visual Studio Solution File, Format Version 12.00
# Visual Studio Version 17
VisualStudioVersion = 17.3.32901.215
MinimumVisualStudioVersion = 10.0.40219.1
Project("{9A19103F-16F7-4668-BE54-9A1E7A4F7556}") = "SignalR", "USAPrimeAPI\SignalR.csproj", "{3C85C34A-ACB2-446B-ADB7-D7AA9F7472A5}"
EndProject
Global
	GlobalSection(SolutionConfigurationPlatforms) = preSolution
		Debug|Any CPU = Debug|Any CPU
		Release|Any CPU = Release|Any CPU
	EndGlobalSection
	GlobalSection(ProjectConfigurationPlatforms) = postSolution
		{3C85C34A-ACB2-446B-ADB7-D7AA9F7472A5}.Debug|Any CPU.ActiveCfg = Debug|Any CPU
		{3C85C34A-ACB2-446B-ADB7-D7AA9F7472A5}.Debug|Any CPU.Build.0 = Debug|Any CPU
		{3C85C34A-ACB2-446B-ADB7-D7AA9F7472A5}.Release|Any CPU.ActiveCfg = Release|Any CPU
		{3C85C34A-ACB2-446B-ADB7-D7AA9F7472A5}.Release|Any CPU.Build.0 = Release|Any CPU
	EndGlobalSection
	GlobalSection(SolutionProperties) = preSolution
		HideSolutionNode = FALSE
	EndGlobalSection
	GlobalSection(ExtensibilityGlobals) = postSolution
		SolutionGuid = {CEA0B27B-B4A2-4C2F-BA6F-78B97103F1D5}
	EndGlobalSection
EndGlobal
